
Microsoft Visual Studio Solution File, Format Version 12.00
# Visual Studio Version 16
VisualStudioVersion = 16.0.30011.22
MinimumVisualStudioVersion = 10.0.40219.1
Project("{FAE04EC0-301F-11D3-BF4B-00C04F79EFBC}") = "RdPodcastingWeb", "RdPodcastingWeb\RdPodcastingWeb.csproj", "{50A6E450-D0A0-40F1-8515-C31B39DDD8D2}"
EndProject
Global
	GlobalSection(SolutionConfigurationPlatforms) = preSolution
		Debug|Any CPU = Debug|Any CPU
		Release|Any CPU = Release|Any CPU
	EndGlobalSection
	GlobalSection(ProjectConfigurationPlatforms) = postSolution
		{50A6E450-D0A0-40F1-8515-C31B39DDD8D2}.Debug|Any CPU.ActiveCfg = Debug|Any CPU
		{50A6E450-D0A0-40F1-8515-C31B39DDD8D2}.Debug|Any CPU.Build.0 = Debug|Any CPU
		{50A6E450-D0A0-40F1-8515-C31B39DDD8D2}.Release|Any CPU.ActiveCfg = Release|Any CPU
		{50A6E450-D0A0-40F1-8515-C31B39DDD8D2}.Release|Any CPU.Build.0 = Release|Any CPU
	EndGlobalSection
	GlobalSection(SolutionProperties) = preSolution
		HideSolutionNode = FALSE
	EndGlobalSection
	GlobalSection(ExtensibilityGlobals) = postSolution
		SolutionGuid = {4FF39A4B-995B-46BF-9F4D-F0A9FD00D65D}
	EndGlobalSection
EndGlobal
